
Microsoft Visual Studio Solution File, Format Version 12.00
# Visual Studio 15
VisualStudioVersion = 15.0.26403.0
MinimumVisualStudioVersion = 10.0.40219.1
Project("{9A19103F-16F7-4668-BE54-9A1E7A4F7556}") = "ConsoleAppBasic", "ConsoleAppBasic\ConsoleAppBasic.csproj", "{85C7DBBD-A22F-49C1-B61A-92AA45B79495}"
EndProject
Project("{FAE04EC0-301F-11D3-BF4B-00C04F79EFBC}") = "ConsoleAppLocalisation", "ConsoleAppLocalisation\ConsoleAppLocalisation.csproj", "{D407D597-132D-4D72-B8E9-E2D8344017F0}"
EndProject
Project("{9A19103F-16F7-4668-BE54-9A1E7A4F7556}") = "ConsoleUserSecrets", "ConsoleUserSecrets\ConsoleUserSecrets.csproj", "{A41A64D3-68E0-4EF3-8086-36BD03A10811}"
EndProject
Global
	GlobalSection(SolutionConfigurationPlatforms) = preSolution
		Debug|Any CPU = Debug|Any CPU
		Release|Any CPU = Release|Any CPU
	EndGlobalSection
	GlobalSection(ProjectConfigurationPlatforms) = postSolution
		{85C7DBBD-A22F-49C1-B61A-92AA45B79495}.Debug|Any CPU.ActiveCfg = Debug|Any CPU
		{85C7DBBD-A22F-49C1-B61A-92AA45B79495}.Debug|Any CPU.Build.0 = Debug|Any CPU
		{85C7DBBD-A22F-49C1-B61A-92AA45B79495}.Release|Any CPU.ActiveCfg = Release|Any CPU
		{85C7DBBD-A22F-49C1-B61A-92AA45B79495}.Release|Any CPU.Build.0 = Release|Any CPU
		{D407D597-132D-4D72-B8E9-E2D8344017F0}.Debug|Any CPU.ActiveCfg = Debug|Any CPU
		{D407D597-132D-4D72-B8E9-E2D8344017F0}.Debug|Any CPU.Build.0 = Debug|Any CPU
		{D407D597-132D-4D72-B8E9-E2D8344017F0}.Release|Any CPU.ActiveCfg = Release|Any CPU
		{D407D597-132D-4D72-B8E9-E2D8344017F0}.Release|Any CPU.Build.0 = Release|Any CPU
		{A41A64D3-68E0-4EF3-8086-36BD03A10811}.Debug|Any CPU.ActiveCfg = Debug|Any CPU
		{A41A64D3-68E0-4EF3-8086-36BD03A10811}.Debug|Any CPU.Build.0 = Debug|Any CPU
		{A41A64D3-68E0-4EF3-8086-36BD03A10811}.Release|Any CPU.ActiveCfg = Release|Any CPU
		{A41A64D3-68E0-4EF3-8086-36BD03A10811}.Release|Any CPU.Build.0 = Release|Any CPU
	EndGlobalSection
	GlobalSection(SolutionProperties) = preSolution
		HideSolutionNode = FALSE
	EndGlobalSection
EndGlobal
